
Microsoft Visual Studio Solution File, Format Version 12.00
# Visual Studio 15
VisualStudioVersion = 15.0.28307.102
MinimumVisualStudioVersion = 10.0.40219.1
Project("{FAE04EC0-301F-11D3-BF4B-00C04F79EFBC}") = "IterationTester", "IterationTester\IterationTester.csproj", "{FB6D75F8-DCFB-4C18-9A5E-5D1667A3A64B}"
EndProject
Global
	GlobalSection(SolutionConfigurationPlatforms) = preSolution
		Debug|Any CPU = Debug|Any CPU
		Release|Any CPU = Release|Any CPU
	EndGlobalSection
	GlobalSection(ProjectConfigurationPlatforms) = postSolution
		{FB6D75F8-DCFB-4C18-9A5E-5D1667A3A64B}.Debug|Any CPU.ActiveCfg = Debug|Any CPU
		{FB6D75F8-DCFB-4C18-9A5E-5D1667A3A64B}.Debug|Any CPU.Build.0 = Debug|Any CPU
		{FB6D75F8-DCFB-4C18-9A5E-5D1667A3A64B}.Release|Any CPU.ActiveCfg = Release|Any CPU
		{FB6D75F8-DCFB-4C18-9A5E-5D1667A3A64B}.Release|Any CPU.Build.0 = Release|Any CPU
	EndGlobalSection
	GlobalSection(SolutionProperties) = preSolution
		HideSolutionNode = FALSE
	EndGlobalSection
	GlobalSection(ExtensibilityGlobals) = postSolution
		SolutionGuid = {C6BCC997-0B87-4A4D-83B1-4880D56F264B}
	EndGlobalSection
EndGlobal
